
Microsoft Visual Studio Solution File, Format Version 12.00
# Visual Studio 15
VisualStudioVersion = 15.0.28010.2036
MinimumVisualStudioVersion = 10.0.40219.1
Project("{8BC9CEB8-8B4A-11D0-8D11-00A0C91BC942}") = "cg-raytracing", "cg-raytracing.vcxproj", "{730EE802-90E8-4D07-9159-CA12F4186BD3}"
EndProject
Global
	GlobalSection(SolutionConfigurationPlatforms) = preSolution
		Debug|x64 = Debug|x64
		Debug|x86 = Debug|x86
		Release|x64 = Release|x64
		Release|x86 = Release|x86
	EndGlobalSection
	GlobalSection(ProjectConfigurationPlatforms) = postSolution
		{730EE802-90E8-4D07-9159-CA12F4186BD3}.Debug|x64.ActiveCfg = Debug|x64
		{730EE802-90E8-4D07-9159-CA12F4186BD3}.Debug|x64.Build.0 = Debug|x64
		{730EE802-90E8-4D07-9159-CA12F4186BD3}.Debug|x86.ActiveCfg = Debug|Win32
		{730EE802-90E8-4D07-9159-CA12F4186BD3}.Debug|x86.Build.0 = Debug|Win32
		{730EE802-90E8-4D07-9159-CA12F4186BD3}.Release|x64.ActiveCfg = Release|x64
		{730EE802-90E8-4D07-9159-CA12F4186BD3}.Release|x64.Build.0 = Release|x64
		{730EE802-90E8-4D07-9159-CA12F4186BD3}.Release|x86.ActiveCfg = Release|Win32
		{730EE802-90E8-4D07-9159-CA12F4186BD3}.Release|x86.Build.0 = Release|Win32
	EndGlobalSection
	GlobalSection(SolutionProperties) = preSolution
		HideSolutionNode = FALSE
	EndGlobalSection
	GlobalSection(ExtensibilityGlobals) = postSolution
		SolutionGuid = {BC1F08C7-B145-461A-9732-076207DC67D9}
	EndGlobalSection
EndGlobal
